
Microsoft Visual Studio Solution File, Format Version 12.00
# Visual Studio Version 16
VisualStudioVersion = 16.0.31019.35
MinimumVisualStudioVersion = 10.0.40219.1
Project("{FAE04EC0-301F-11D3-BF4B-00C04F79EFBC}") = "Модуль 03 Дом задание", "Модуль 03 Дом задание\Модуль 03 Дом задание.csproj", "{361B99DA-68CD-45C3-97AC-C734BDE0EF31}"
EndProject
Project("{FAE04EC0-301F-11D3-BF4B-00C04F79EFBC}") = "Практик 03", "Практик 03\Практик 03.csproj", "{C839B8A1-5705-410B-B0D0-E70FC1FD38CE}"
EndProject
Global
	GlobalSection(SolutionConfigurationPlatforms) = preSolution
		Debug|Any CPU = Debug|Any CPU
		Release|Any CPU = Release|Any CPU
	EndGlobalSection
	GlobalSection(ProjectConfigurationPlatforms) = postSolution
		{361B99DA-68CD-45C3-97AC-C734BDE0EF31}.Debug|Any CPU.ActiveCfg = Debug|Any CPU
		{361B99DA-68CD-45C3-97AC-C734BDE0EF31}.Debug|Any CPU.Build.0 = Debug|Any CPU
		{361B99DA-68CD-45C3-97AC-C734BDE0EF31}.Release|Any CPU.ActiveCfg = Release|Any CPU
		{361B99DA-68CD-45C3-97AC-C734BDE0EF31}.Release|Any CPU.Build.0 = Release|Any CPU
		{C839B8A1-5705-410B-B0D0-E70FC1FD38CE}.Debug|Any CPU.ActiveCfg = Debug|Any CPU
		{C839B8A1-5705-410B-B0D0-E70FC1FD38CE}.Debug|Any CPU.Build.0 = Debug|Any CPU
		{C839B8A1-5705-410B-B0D0-E70FC1FD38CE}.Release|Any CPU.ActiveCfg = Release|Any CPU
		{C839B8A1-5705-410B-B0D0-E70FC1FD38CE}.Release|Any CPU.Build.0 = Release|Any CPU
	EndGlobalSection
	GlobalSection(SolutionProperties) = preSolution
		HideSolutionNode = FALSE
	EndGlobalSection
	GlobalSection(ExtensibilityGlobals) = postSolution
		SolutionGuid = {A0108900-56A0-41B0-B801-73F0E7D67058}
	EndGlobalSection
EndGlobal
